
Microsoft Visual Studio Solution File, Format Version 12.00
# Visual Studio 15
VisualStudioVersion = 15.0.26730.15
MinimumVisualStudioVersion = 10.0.40219.1
Project("{FAE04EC0-301F-11D3-BF4B-00C04F79EFBC}") = "testapplication", "testapplication\testapplication.csproj", "{8D3E758B-548F-455A-9559-5A2D37052944}"
EndProject
Global
	GlobalSection(SolutionConfigurationPlatforms) = preSolution
		Debug|Any CPU = Debug|Any CPU
		Release|Any CPU = Release|Any CPU
	EndGlobalSection
	GlobalSection(ProjectConfigurationPlatforms) = postSolution
		{8D3E758B-548F-455A-9559-5A2D37052944}.Debug|Any CPU.ActiveCfg = Debug|Any CPU
		{8D3E758B-548F-455A-9559-5A2D37052944}.Debug|Any CPU.Build.0 = Debug|Any CPU
		{8D3E758B-548F-455A-9559-5A2D37052944}.Release|Any CPU.ActiveCfg = Release|Any CPU
		{8D3E758B-548F-455A-9559-5A2D37052944}.Release|Any CPU.Build.0 = Release|Any CPU
	EndGlobalSection
	GlobalSection(SolutionProperties) = preSolution
		HideSolutionNode = FALSE
	EndGlobalSection
	GlobalSection(ExtensibilityGlobals) = postSolution
		SolutionGuid = {20CFED5E-2A12-477A-8538-5EE7B13917BA}
	EndGlobalSection
EndGlobal
